
Microsoft Visual Studio Solution File, Format Version 12.00
# Visual Studio 14
VisualStudioVersion = 14.0.25420.1
MinimumVisualStudioVersion = 10.0.40219.1
Project("{FAE04EC0-301F-11D3-BF4B-00C04F79EFBC}") = "InvestingApp", "InvestingApp\InvestingApp.csproj", "{125F7ECC-9257-498A-AE55-8925DE35951F}"
EndProject
Project("{FAE04EC0-301F-11D3-BF4B-00C04F79EFBC}") = "ModuleTests", "ModuleTests\ModuleTests.csproj", "{DBE9D783-E1B0-42F6-98C2-7255F879298C}"
EndProject
Global
	GlobalSection(SolutionConfigurationPlatforms) = preSolution
		Debug|Any CPU = Debug|Any CPU
		Release|Any CPU = Release|Any CPU
	EndGlobalSection
	GlobalSection(ProjectConfigurationPlatforms) = postSolution
		{125F7ECC-9257-498A-AE55-8925DE35951F}.Debug|Any CPU.ActiveCfg = Debug|Any CPU
		{125F7ECC-9257-498A-AE55-8925DE35951F}.Debug|Any CPU.Build.0 = Debug|Any CPU
		{125F7ECC-9257-498A-AE55-8925DE35951F}.Release|Any CPU.ActiveCfg = Release|Any CPU
		{125F7ECC-9257-498A-AE55-8925DE35951F}.Release|Any CPU.Build.0 = Release|Any CPU
		{DBE9D783-E1B0-42F6-98C2-7255F879298C}.Debug|Any CPU.ActiveCfg = Debug|Any CPU
		{DBE9D783-E1B0-42F6-98C2-7255F879298C}.Debug|Any CPU.Build.0 = Debug|Any CPU
		{DBE9D783-E1B0-42F6-98C2-7255F879298C}.Release|Any CPU.ActiveCfg = Release|Any CPU
		{DBE9D783-E1B0-42F6-98C2-7255F879298C}.Release|Any CPU.Build.0 = Release|Any CPU
	EndGlobalSection
	GlobalSection(SolutionProperties) = preSolution
		HideSolutionNode = FALSE
	EndGlobalSection
EndGlobal
